
Microsoft Visual Studio Solution File, Format Version 12.00
# Visual Studio 14
VisualStudioVersion = 14.0.25420.1
MinimumVisualStudioVersion = 10.0.40219.1
Project("{E24C65DC-7377-472B-9ABA-BC803B73C61A}") = "Tagit Ams Web", ".", "{9B69C6AA-7314-44F7-8692-36EC0787C415}"
	ProjectSection(WebsiteProperties) = preProject
		TargetFrameworkMoniker = ".NETFramework,Version%3Dv4.0"
		Debug.AspNetCompiler.VirtualPath = "/localhost_52693"
		Debug.AspNetCompiler.PhysicalPath = "..\..\..\..\Desktop\fragomen\Tagit Ams Web\"
		Debug.AspNetCompiler.TargetPath = "PrecompiledWeb\localhost_52693\"
		Debug.AspNetCompiler.Updateable = "true"
		Debug.AspNetCompiler.ForceOverwrite = "true"
		Debug.AspNetCompiler.FixedNames = "false"
		Debug.AspNetCompiler.Debug = "True"
		Release.AspNetCompiler.VirtualPath = "/localhost_52693"
		Release.AspNetCompiler.PhysicalPath = "..\..\..\..\Desktop\fragomen\Tagit Ams Web\"
		Release.AspNetCompiler.TargetPath = "PrecompiledWeb\localhost_52693\"
		Release.AspNetCompiler.Updateable = "true"
		Release.AspNetCompiler.ForceOverwrite = "true"
		Release.AspNetCompiler.FixedNames = "false"
		Release.AspNetCompiler.Debug = "False"
		VWDPort = "52693"
	EndProjectSection
EndProject
Global
	GlobalSection(SolutionConfigurationPlatforms) = preSolution
		Debug|Any CPU = Debug|Any CPU
	EndGlobalSection
	GlobalSection(ProjectConfigurationPlatforms) = postSolution
		{9B69C6AA-7314-44F7-8692-36EC0787C415}.Debug|Any CPU.ActiveCfg = Debug|Any CPU
		{9B69C6AA-7314-44F7-8692-36EC0787C415}.Debug|Any CPU.Build.0 = Debug|Any CPU
	EndGlobalSection
	GlobalSection(SolutionProperties) = preSolution
		HideSolutionNode = FALSE
	EndGlobalSection
EndGlobal
